
Microsoft Visual Studio Solution File, Format Version 12.00
# Visual Studio Version 17
VisualStudioVersion = 17.5.002.0
MinimumVisualStudioVersion = 10.0.40219.1
Project("{2150E333-8FDC-42A3-9474-1A3956D46DE8}") = "csharp-prep", "csharp-prep", "{5995FA92-48C7-4CCF-9F42-0FECD008C67D}"
EndProject
Project("{9A19103F-16F7-4668-BE54-9A1E7A4F7556}") = "Prep1", "csharp-prep\Prep1\Prep1.csproj", "{17F67572-A626-494F-9A35-7A8B1824682A}"
EndProject
Project("{9A19103F-16F7-4668-BE54-9A1E7A4F7556}") = "Prep2", "csharp-prep\Prep2\Prep2.csproj", "{FDD40C8F-6E61-4D25-A8EC-654A9A37992D}"
EndProject
Project("{9A19103F-16F7-4668-BE54-9A1E7A4F7556}") = "Prep3", "csharp-prep\Prep3\Prep3.csproj", "{F42E2B27-BD2A-449C-BB6B-9188905F103B}"
EndProject
Project("{9A19103F-16F7-4668-BE54-9A1E7A4F7556}") = "Prep4", "csharp-prep\Prep4\Prep4.csproj", "{C000B4D4-A874-4065-8834-83ABF4466E82}"
EndProject
Project("{9A19103F-16F7-4668-BE54-9A1E7A4F7556}") = "Prep5", "csharp-prep\Prep5\Prep5.csproj", "{C168A333-4C3A-4ADE-9A8C-E9CE10B4ABA5}"
EndProject
Project("{2150E333-8FDC-42A3-9474-1A3956D46DE8}") = "final", "final", "{FB3CC687-2C46-49C1-A81E-B04D146B277E}"
EndProject
Project("{9A19103F-16F7-4668-BE54-9A1E7A4F7556}") = "FinalProject", "final\FinalProject\FinalProject.csproj", "{8A5EBEBA-920E-46F9-80DA-FDF6ADA264E5}"
EndProject
Project("{9A19103F-16F7-4668-BE54-9A1E7A4F7556}") = "Foundation1", "final\Foundation1\Foundation1.csproj", "{92428240-C597-481C-88BD-8F00B854A1DF}"
EndProject
Project("{9A19103F-16F7-4668-BE54-9A1E7A4F7556}") = "Foundation2", "final\Foundation2\Foundation2.csproj", "{97D1AED8-10EB-4543-9CBC-3D77E07927A7}"
EndProject
Project("{9A19103F-16F7-4668-BE54-9A1E7A4F7556}") = "Foundation3", "final\Foundation3\Foundation3.csproj", "{D738256E-B738-41A6-A603-276526FD378C}"
EndProject
Project("{9A19103F-16F7-4668-BE54-9A1E7A4F7556}") = "Foundation4", "final\Foundation4\Foundation4.csproj", "{DB0BA735-0B8C-4F41-9400-213EDB6C4E5A}"
EndProject
Project("{2150E333-8FDC-42A3-9474-1A3956D46DE8}") = "prepare", "prepare", "{8AF90229-A9D6-44AC-B952-C614A9A28E62}"
EndProject
Project("{9A19103F-16F7-4668-BE54-9A1E7A4F7556}") = "Learning02", "prepare\Learning02\Learning02.csproj", "{6BD9F128-C148-4540-BC80-42D93741DFE1}"
EndProject
Project("{9A19103F-16F7-4668-BE54-9A1E7A4F7556}") = "Learning03", "prepare\Learning03\Learning03.csproj", "{222206C3-DF2C-4ED9-82BF-47C4D549843B}"
EndProject
Project("{9A19103F-16F7-4668-BE54-9A1E7A4F7556}") = "Learning04", "prepare\Learning04\Learning04.csproj", "{6F5B7CC3-6C0F-4971-8BFD-BB64F80B3433}"
EndProject
Project("{9A19103F-16F7-4668-BE54-9A1E7A4F7556}") = "Learning05", "prepare\Learning05\Learning05.csproj", "{7A9818C1-A114-43CA-AF8C-4B7EC2E29F07}"
EndProject
Project("{2150E333-8FDC-42A3-9474-1A3956D46DE8}") = "prove", "prove", "{06C6C999-9383-4618-8FE8-37FEF9B7F043}"
EndProject
Project("{9A19103F-16F7-4668-BE54-9A1E7A4F7556}") = "Develop02", "prove\Develop02\Develop02.csproj", "{DD19310E-6EC0-4978-A955-97BDA9C187BE}"
EndProject
Project("{9A19103F-16F7-4668-BE54-9A1E7A4F7556}") = "Develop03", "prove\Develop03\Develop03.csproj", "{89D771B6-FBDC-4B6C-AA7E-F7E3BF7E7603}"
EndProject
Project("{9A19103F-16F7-4668-BE54-9A1E7A4F7556}") = "Develop04", "prove\Develop04\Develop04.csproj", "{7528BF4D-C5F3-4ED0-BBE5-AF81FA3F15E8}"
EndProject
Project("{9A19103F-16F7-4668-BE54-9A1E7A4F7556}") = "Develop05", "prove\Develop05\Develop05.csproj", "{313222AF-0754-468C-AA00-66E01211D964}"
EndProject
Project("{2150E333-8FDC-42A3-9474-1A3956D46DE8}") = "sandbox", "sandbox", "{2407A405-87D9-40A1-B992-68A766226048}"
EndProject
Project("{9A19103F-16F7-4668-BE54-9A1E7A4F7556}") = "Sandbox", "sandbox\Sandbox\Sandbox.csproj", "{5B0D24BF-9AD4-44AA-94A0-0C4A76BED8B9}"
EndProject
Global
	GlobalSection(SolutionConfigurationPlatforms) = preSolution
		Debug|Any CPU = Debug|Any CPU
		Release|Any CPU = Release|Any CPU
	EndGlobalSection
	GlobalSection(ProjectConfigurationPlatforms) = postSolution
		{17F67572-A626-494F-9A35-7A8B1824682A}.Debug|Any CPU.ActiveCfg = Debug|Any CPU
		{17F67572-A626-494F-9A35-7A8B1824682A}.Debug|Any CPU.Build.0 = Debug|Any CPU
		{17F67572-A626-494F-9A35-7A8B1824682A}.Release|Any CPU.ActiveCfg = Release|Any CPU
		{17F67572-A626-494F-9A35-7A8B1824682A}.Release|Any CPU.Build.0 = Release|Any CPU
		{FDD40C8F-6E61-4D25-A8EC-654A9A37992D}.Debug|Any CPU.ActiveCfg = Debug|Any CPU
		{FDD40C8F-6E61-4D25-A8EC-654A9A37992D}.Debug|Any CPU.Build.0 = Debug|Any CPU
		{FDD40C8F-6E61-4D25-A8EC-654A9A37992D}.Release|Any CPU.ActiveCfg = Release|Any CPU
		{FDD40C8F-6E61-4D25-A8EC-654A9A37992D}.Release|Any CPU.Build.0 = Release|Any CPU
		{F42E2B27-BD2A-449C-BB6B-9188905F103B}.Debug|Any CPU.ActiveCfg = Debug|Any CPU
		{F42E2B27-BD2A-449C-BB6B-9188905F103B}.Debug|Any CPU.Build.0 = Debug|Any CPU
		{F42E2B27-BD2A-449C-BB6B-9188905F103B}.Release|Any CPU.ActiveCfg = Release|Any CPU
		{F42E2B27-BD2A-449C-BB6B-9188905F103B}.Release|Any CPU.Build.0 = Release|Any CPU
		{C000B4D4-A874-4065-8834-83ABF4466E82}.Debug|Any CPU.ActiveCfg = Debug|Any CPU
		{C000B4D4-A874-4065-8834-83ABF4466E82}.Debug|Any CPU.Build.0 = Debug|Any CPU
		{C000B4D4-A874-4065-8834-83ABF4466E82}.Release|Any CPU.ActiveCfg = Release|Any CPU
		{C000B4D4-A874-4065-8834-83ABF4466E82}.Release|Any CPU.Build.0 = Release|Any CPU
		{C168A333-4C3A-4ADE-9A8C-E9CE10B4ABA5}.Debug|Any CPU.ActiveCfg = Debug|Any CPU
		{C168A333-4C3A-4ADE-9A8C-E9CE10B4ABA5}.Debug|Any CPU.Build.0 = Debug|Any CPU
		{C168A333-4C3A-4ADE-9A8C-E9CE10B4ABA5}.Release|Any CPU.ActiveCfg = Release|Any CPU
		{C168A333-4C3A-4ADE-9A8C-E9CE10B4ABA5}.Release|Any CPU.Build.0 = Release|Any CPU
		{8A5EBEBA-920E-46F9-80DA-FDF6ADA264E5}.Debug|Any CPU.ActiveCfg = Debug|Any CPU
		{8A5EBEBA-920E-46F9-80DA-FDF6ADA264E5}.Debug|Any CPU.Build.0 = Debug|Any CPU
		{8A5EBEBA-920E-46F9-80DA-FDF6ADA264E5}.Release|Any CPU.ActiveCfg = Release|Any CPU
		{8A5EBEBA-920E-46F9-80DA-FDF6ADA264E5}.Release|Any CPU.Build.0 = Release|Any CPU
		{92428240-C597-481C-88BD-8F00B854A1DF}.Debug|Any CPU.ActiveCfg = Debug|Any CPU
		{92428240-C597-481C-88BD-8F00B854A1DF}.Debug|Any CPU.Build.0 = Debug|Any CPU
		{92428240-C597-481C-88BD-8F00B854A1DF}.Release|Any CPU.ActiveCfg = Release|Any CPU
		{92428240-C597-481C-88BD-8F00B854A1DF}.Release|Any CPU.Build.0 = Release|Any CPU
		{97D1AED8-10EB-4543-9CBC-3D77E07927A7}.Debug|Any CPU.ActiveCfg = Debug|Any CPU
		{97D1AED8-10EB-4543-9CBC-3D77E07927A7}.Debug|Any CPU.Build.0 = Debug|Any CPU
		{97D1AED8-10EB-4543-9CBC-3D77E07927A7}.Release|Any CPU.ActiveCfg = Release|Any CPU
		{97D1AED8-10EB-4543-9CBC-3D77E07927A7}.Release|Any CPU.Build.0 = Release|Any CPU
		{D738256E-B738-41A6-A603-276526FD378C}.Debug|Any CPU.ActiveCfg = Debug|Any CPU
		{D738256E-B738-41A6-A603-276526FD378C}.Debug|Any CPU.Build.0 = Debug|Any CPU
		{D738256E-B738-41A6-A603-276526FD378C}.Release|Any CPU.ActiveCfg = Release|Any CPU
		{D738256E-B738-41A6-A603-276526FD378C}.Release|Any CPU.Build.0 = Release|Any CPU
		{DB0BA735-0B8C-4F41-9400-213EDB6C4E5A}.Debug|Any CPU.ActiveCfg = Debug|Any CPU
		{DB0BA735-0B8C-4F41-9400-213EDB6C4E5A}.Debug|Any CPU.Build.0 = Debug|Any CPU
		{DB0BA735-0B8C-4F41-9400-213EDB6C4E5A}.Release|Any CPU.ActiveCfg = Release|Any CPU
		{DB0BA735-0B8C-4F41-9400-213EDB6C4E5A}.Release|Any CPU.Build.0 = Release|Any CPU
		{6BD9F128-C148-4540-BC80-42D93741DFE1}.Debug|Any CPU.ActiveCfg = Debug|Any CPU
		{6BD9F128-C148-4540-BC80-42D93741DFE1}.Debug|Any CPU.Build.0 = Debug|Any CPU
		{6BD9F128-C148-4540-BC80-42D93741DFE1}.Release|Any CPU.ActiveCfg = Release|Any CPU
		{6BD9F128-C148-4540-BC80-42D93741DFE1}.Release|Any CPU.Build.0 = Release|Any CPU
		{222206C3-DF2C-4ED9-82BF-47C4D549843B}.Debug|Any CPU.ActiveCfg = Debug|Any CPU
		{222206C3-DF2C-4ED9-82BF-47C4D549843B}.Debug|Any CPU.Build.0 = Debug|Any CPU
		{222206C3-DF2C-4ED9-82BF-47C4D549843B}.Release|Any CPU.ActiveCfg = Release|Any CPU
		{222206C3-DF2C-4ED9-82BF-47C4D549843B}.Release|Any CPU.Build.0 = Release|Any CPU
		{6F5B7CC3-6C0F-4971-8BFD-BB64F80B3433}.Debug|Any CPU.ActiveCfg = Debug|Any CPU
		{6F5B7CC3-6C0F-4971-8BFD-BB64F80B3433}.Debug|Any CPU.Build.0 = Debug|Any CPU
		{6F5B7CC3-6C0F-4971-8BFD-BB64F80B3433}.Release|Any CPU.ActiveCfg = Release|Any CPU
		{6F5B7CC3-6C0F-4971-8BFD-BB64F80B3433}.Release|Any CPU.Build.0 = Release|Any CPU
		{7A9818C1-A114-43CA-AF8C-4B7EC2E29F07}.Debug|Any CPU.ActiveCfg = Debug|Any CPU
		{7A9818C1-A114-43CA-AF8C-4B7EC2E29F07}.Debug|Any CPU.Build.0 = Debug|Any CPU
		{7A9818C1-A114-43CA-AF8C-4B7EC2E29F07}.Release|Any CPU.ActiveCfg = Release|Any CPU
		{7A9818C1-A114-43CA-AF8C-4B7EC2E29F07}.Release|Any CPU.Build.0 = Release|Any CPU
		{DD19310E-6EC0-4978-A955-97BDA9C187BE}.Debug|Any CPU.ActiveCfg = Debug|Any CPU
		{DD19310E-6EC0-4978-A955-97BDA9C187BE}.Debug|Any CPU.Build.0 = Debug|Any CPU
		{DD19310E-6EC0-4978-A955-97BDA9C187BE}.Release|Any CPU.ActiveCfg = Release|Any CPU
		{DD19310E-6EC0-4978-A955-97BDA9C187BE}.Release|Any CPU.Build.0 = Release|Any CPU
		{89D771B6-FBDC-4B6C-AA7E-F7E3BF7E7603}.Debug|Any CPU.ActiveCfg = Debug|Any CPU
		{89D771B6-FBDC-4B6C-AA7E-F7E3BF7E7603}.Debug|Any CPU.Build.0 = Debug|Any CPU
		{89D771B6-FBDC-4B6C-AA7E-F7E3BF7E7603}.Release|Any CPU.ActiveCfg = Release|Any CPU
		{89D771B6-FBDC-4B6C-AA7E-F7E3BF7E7603}.Release|Any CPU.Build.0 = Release|Any CPU
		{7528BF4D-C5F3-4ED0-BBE5-AF81FA3F15E8}.Debug|Any CPU.ActiveCfg = Debug|Any CPU
		{7528BF4D-C5F3-4ED0-BBE5-AF81FA3F15E8}.Debug|Any CPU.Build.0 = Debug|Any CPU
		{7528BF4D-C5F3-4ED0-BBE5-AF81FA3F15E8}.Release|Any CPU.ActiveCfg = Release|Any CPU
		{7528BF4D-C5F3-4ED0-BBE5-AF81FA3F15E8}.Release|Any CPU.Build.0 = Release|Any CPU
		{313222AF-0754-468C-AA00-66E01211D964}.Debug|Any CPU.ActiveCfg = Debug|Any CPU
		{313222AF-0754-468C-AA00-66E01211D964}.Debug|Any CPU.Build.0 = Debug|Any CPU
		{313222AF-0754-468C-AA00-66E01211D964}.Release|Any CPU.ActiveCfg = Release|Any CPU
		{313222AF-0754-468C-AA00-66E01211D964}.Release|Any CPU.Build.0 = Release|Any CPU
		{5B0D24BF-9AD4-44AA-94A0-0C4A76BED8B9}.Debug|Any CPU.ActiveCfg = Debug|Any CPU
		{5B0D24BF-9AD4-44AA-94A0-0C4A76BED8B9}.Debug|Any CPU.Build.0 = Debug|Any CPU
		{5B0D24BF-9AD4-44AA-94A0-0C4A76BED8B9}.Release|Any CPU.ActiveCfg = Release|Any CPU
		{5B0D24BF-9AD4-44AA-94A0-0C4A76BED8B9}.Release|Any CPU.Build.0 = Release|Any CPU
	EndGlobalSection
	GlobalSection(SolutionProperties) = preSolution
		HideSolutionNode = FALSE
	EndGlobalSection
	GlobalSection(NestedProjects) = preSolution
		{17F67572-A626-494F-9A35-7A8B1824682A} = {5995FA92-48C7-4CCF-9F42-0FECD008C67D}
		{FDD40C8F-6E61-4D25-A8EC-654A9A37992D} = {5995FA92-48C7-4CCF-9F42-0FECD008C67D}
		{F42E2B27-BD2A-449C-BB6B-9188905F103B} = {5995FA92-48C7-4CCF-9F42-0FECD008C67D}
		{C000B4D4-A874-4065-8834-83ABF4466E82} = {5995FA92-48C7-4CCF-9F42-0FECD008C67D}
		{C168A333-4C3A-4ADE-9A8C-E9CE10B4ABA5} = {5995FA92-48C7-4CCF-9F42-0FECD008C67D}
		{8A5EBEBA-920E-46F9-80DA-FDF6ADA264E5} = {FB3CC687-2C46-49C1-A81E-B04D146B277E}
		{92428240-C597-481C-88BD-8F00B854A1DF} = {FB3CC687-2C46-49C1-A81E-B04D146B277E}
		{97D1AED8-10EB-4543-9CBC-3D77E07927A7} = {FB3CC687-2C46-49C1-A81E-B04D146B277E}
		{D738256E-B738-41A6-A603-276526FD378C} = {FB3CC687-2C46-49C1-A81E-B04D146B277E}
		{DB0BA735-0B8C-4F41-9400-213EDB6C4E5A} = {FB3CC687-2C46-49C1-A81E-B04D146B277E}
		{6BD9F128-C148-4540-BC80-42D93741DFE1} = {8AF90229-A9D6-44AC-B952-C614A9A28E62}
		{222206C3-DF2C-4ED9-82BF-47C4D549843B} = {8AF90229-A9D6-44AC-B952-C614A9A28E62}
		{6F5B7CC3-6C0F-4971-8BFD-BB64F80B3433} = {8AF90229-A9D6-44AC-B952-C614A9A28E62}
		{7A9818C1-A114-43CA-AF8C-4B7EC2E29F07} = {8AF90229-A9D6-44AC-B952-C614A9A28E62}
		{DD19310E-6EC0-4978-A955-97BDA9C187BE} = {06C6C999-9383-4618-8FE8-37FEF9B7F043}
		{89D771B6-FBDC-4B6C-AA7E-F7E3BF7E7603} = {06C6C999-9383-4618-8FE8-37FEF9B7F043}
		{7528BF4D-C5F3-4ED0-BBE5-AF81FA3F15E8} = {06C6C999-9383-4618-8FE8-37FEF9B7F043}
		{313222AF-0754-468C-AA00-66E01211D964} = {06C6C999-9383-4618-8FE8-37FEF9B7F043}
		{5B0D24BF-9AD4-44AA-94A0-0C4A76BED8B9} = {2407A405-87D9-40A1-B992-68A766226048}
	EndGlobalSection
	GlobalSection(ExtensibilityGlobals) = postSolution
		SolutionGuid = {708112D5-5AD7-48E3-990A-2A389249D4F9}
	EndGlobalSection
EndGlobal
